// !$*UTF8*$!
{
	archiveVersion = 1;
	classes = {
	};
	objectVersion = 55;
	objects = {

/* Begin PBXBuildFile section */
		DB09F81027CB432D0022C034 /* UrgentToEatView.swift in Sources */ = {isa = PBXBuildFile; fileRef = DB09F80F27CB432D0022C034 /* UrgentToEatView.swift */; };
		DB2108D027D14102003CDB09 /* EatByReminderManager-UNUserNotificationDelegateProtocol Extension.swift in Sources */ = {isa = PBXBuildFile; fileRef = DB2108CF27D14102003CDB09 /* EatByReminderManager-UNUserNotificationDelegateProtocol Extension.swift */; };
		DB25C19827C5559A00DBEBB2 /* FunctionEvaluator.swift in Sources */ = {isa = PBXBuildFile; fileRef = DB25C19727C5559A00DBEBB2 /* FunctionEvaluator.swift */; };
		DB25C19D27C59C1200DBEBB2 /* EatByReminderManager.swift in Sources */ = {isa = PBXBuildFile; fileRef = DB25C19C27C59C1200DBEBB2 /* EatByReminderManager.swift */; };
		DB25C19F27C5A56E00DBEBB2 /* Date - DateFormatExtension.swift in Sources */ = {isa = PBXBuildFile; fileRef = DB25C19E27C5A56E00DBEBB2 /* Date - DateFormatExtension.swift */; };
		DB25C1A127C5ADC200DBEBB2 /* EatByReminderError.swift in Sources */ = {isa = PBXBuildFile; fileRef = DB25C1A027C5ADC200DBEBB2 /* EatByReminderError.swift */; };
		DB25C1A427C961CE00DBEBB2 /* UnfairLock.swift in Sources */ = {isa = PBXBuildFile; fileRef = DB25C1A327C961CE00DBEBB2 /* UnfairLock.swift */; };
		DB25C1A627C9621600DBEBB2 /* NSLockingExtension.swift in Sources */ = {isa = PBXBuildFile; fileRef = DB25C1A527C9621600DBEBB2 /* NSLockingExtension.swift */; };
		DB293A5A2795C92000001DA6 /* UserItem.swift in Sources */ = {isa = PBXBuildFile; fileRef = DB293A592795C92000001DA6 /* UserItem.swift */; };
		DB293A5F2795C9D700001DA6 /* UserItemListView.swift in Sources */ = {isa = PBXBuildFile; fileRef = DB293A5E2795C9D700001DA6 /* UserItemListView.swift */; };
		DB297ADA27A0FE0100EAA3C3 /* Settings.swift in Sources */ = {isa = PBXBuildFile; fileRef = DB297AD927A0FE0100EAA3C3 /* Settings.swift */; };
		DB297ADF27A88BAA00EAA3C3 /* UserItemView.swift in Sources */ = {isa = PBXBuildFile; fileRef = DB297ADE27A88BAA00EAA3C3 /* UserItemView.swift */; };
		DB297AE127A88C2700EAA3C3 /* StatusClockView.swift in Sources */ = {isa = PBXBuildFile; fileRef = DB297AE027A88C2700EAA3C3 /* StatusClockView.swift */; };
		DB297AE327A8E81200EAA3C3 /* Cache.swift in Sources */ = {isa = PBXBuildFile; fileRef = DB297AE227A8E81200EAA3C3 /* Cache.swift */; };
		DB297AE527A9E73F00EAA3C3 /* ItemsHTTPManager.swift in Sources */ = {isa = PBXBuildFile; fileRef = DB297AE427A9E73F00EAA3C3 /* ItemsHTTPManager.swift */; };
		DB34300927BEC12900CF076A /* ReceiptScanningErrors.swift in Sources */ = {isa = PBXBuildFile; fileRef = DB34300827BEC12900CF076A /* ReceiptScanningErrors.swift */; };
		DB34305427BEE02800CF076A /* ScannedItemViewModel.swift in Sources */ = {isa = PBXBuildFile; fileRef = DB34305327BEE02800CF076A /* ScannedItemViewModel.swift */; };
		DB45EA74277BF75D001BA6C2 /* ProduceViewModel.swift in Sources */ = {isa = PBXBuildFile; fileRef = DB45EA73277BF75D001BA6C2 /* ProduceViewModel.swift */; };
		DB45EA78277BF7B5001BA6C2 /* ProduceItem.swift in Sources */ = {isa = PBXBuildFile; fileRef = DB45EA77277BF7B5001BA6C2 /* ProduceItem.swift */; };
		DB45EA7A277BF81C001BA6C2 /* ProduceListView.swift in Sources */ = {isa = PBXBuildFile; fileRef = DB45EA79277BF81C001BA6C2 /* ProduceListView.swift */; };
		DB623D092783AA7A00EEEC09 /* AnalyzedReceipt.swift in Sources */ = {isa = PBXBuildFile; fileRef = DB623D082783AA7A00EEEC09 /* AnalyzedReceipt.swift */; };
		DB623D0B2783ABD300EEEC09 /* AzureHTTPManager.swift in Sources */ = {isa = PBXBuildFile; fileRef = DB623D0A2783ABD300EEEC09 /* AzureHTTPManager.swift */; };
		DB623D0E2783AC0400EEEC09 /* HTTPManagerProtocol.swift in Sources */ = {isa = PBXBuildFile; fileRef = DB623D0D2783AC0400EEEC09 /* HTTPManagerProtocol.swift */; };
		DB623D102783AF3C00EEEC09 /* AzureHTTPManagerProtocol.swift in Sources */ = {isa = PBXBuildFile; fileRef = DB623D0F2783AF3C00EEEC09 /* AzureHTTPManagerProtocol.swift */; };
		DB623D152783B15400EEEC09 /* URLSessionProtocol.swift in Sources */ = {isa = PBXBuildFile; fileRef = DB623D142783B15400EEEC09 /* URLSessionProtocol.swift */; };
		DB623D172783B18000EEEC09 /* URLSessionDataTaskProtocol.swift in Sources */ = {isa = PBXBuildFile; fileRef = DB623D162783B18000EEEC09 /* URLSessionDataTaskProtocol.swift */; };
		DB623D192783CCAD00EEEC09 /* URLSession-URLSessionProtocol.swift in Sources */ = {isa = PBXBuildFile; fileRef = DB623D182783CCAD00EEEC09 /* URLSession-URLSessionProtocol.swift */; };
		DB623D1B2783CCC500EEEC09 /* URLSessionDataTask - URLSessionDataTaskProtocol.swift in Sources */ = {isa = PBXBuildFile; fileRef = DB623D1A2783CCC500EEEC09 /* URLSessionDataTask - URLSessionDataTaskProtocol.swift */; };
		DB623D242784F5B400EEEC09 /* AnalyzeResult.swift in Sources */ = {isa = PBXBuildFile; fileRef = DB623D232784F5B400EEEC09 /* AnalyzeResult.swift */; };
		DB623D262784F70900EEEC09 /* DocumentResult.swift in Sources */ = {isa = PBXBuildFile; fileRef = DB623D252784F70900EEEC09 /* DocumentResult.swift */; };
		DB78D9E72753301900EDA0E1 /* sYgApp.swift in Sources */ = {isa = PBXBuildFile; fileRef = DB78D9E62753301900EDA0E1 /* sYgApp.swift */; };
		DB78D9EB2753301C00EDA0E1 /* Assets.xcassets in Resources */ = {isa = PBXBuildFile; fileRef = DB78D9EA2753301C00EDA0E1 /* Assets.xcassets */; };
		DB7E9B2527B58237001A937A /* ItemMatcherFactory.swift in Sources */ = {isa = PBXBuildFile; fileRef = DB7E9B2427B58237001A937A /* ItemMatcherFactory.swift */; };
		DB833FD627C082BB004BF14D /* ScannedItemsDataModel.xcdatamodeld in Sources */ = {isa = PBXBuildFile; fileRef = DB833FD427C082BB004BF14D /* ScannedItemsDataModel.xcdatamodeld */; };
		DB833FD927C08C39004BF14D /* TimeConstants.swift in Sources */ = {isa = PBXBuildFile; fileRef = DB833FD827C08C39004BF14D /* TimeConstants.swift */; };
		DBA3AC4527B6C026008975C4 /* HTTPManager.swift in Sources */ = {isa = PBXBuildFile; fileRef = DBA3AC4427B6C026008975C4 /* HTTPManager.swift */; };
		DBA3AC4727B6C09B008975C4 /* HTTPManager - HTTPManagerProtocol.swift in Sources */ = {isa = PBXBuildFile; fileRef = DBA3AC4627B6C09B008975C4 /* HTTPManager - HTTPManagerProtocol.swift */; };
		DBA3AC4A27B6C10B008975C4 /* AzureHTTPManager - AzureHTTPManagerProtocol.swift in Sources */ = {isa = PBXBuildFile; fileRef = DBA3AC4927B6C10B008975C4 /* AzureHTTPManager - AzureHTTPManagerProtocol.swift */; };
		DBA4365527D07CB60018A539 /* Launch Screen.storyboard in Resources */ = {isa = PBXBuildFile; fileRef = DBA4365427D07CB60018A539 /* Launch Screen.storyboard */; };
		DBA6EEA327868F58002E19AA /* MainUserView.swift in Sources */ = {isa = PBXBuildFile; fileRef = DBA6EEA227868F58002E19AA /* MainUserView.swift */; };
		DBB25C4A277CC29600C5F783 /* MainViewModel.swift in Sources */ = {isa = PBXBuildFile; fileRef = DBB25C49277CC29600C5F783 /* MainViewModel.swift */; };
		DBB25C4C277CC3AE00C5F783 /* Selector.swift in Sources */ = {isa = PBXBuildFile; fileRef = DBB25C4B277CC3AE00C5F783 /* Selector.swift */; };
		DBBDD37F277C09A60030A51E /* ReceiptSelector.swift in Sources */ = {isa = PBXBuildFile; fileRef = DBBDD37E277C09A60030A51E /* ReceiptSelector.swift */; };
		DBFFD78927CDE39600584484 /* PopOvers.swift in Sources */ = {isa = PBXBuildFile; fileRef = DBFFD78827CDE39600584484 /* PopOvers.swift */; };
		DBFFD78D27CE769600584484 /* SettingsView.swift in Sources */ = {isa = PBXBuildFile; fileRef = DBFFD78C27CE769600584484 /* SettingsView.swift */; };
		DBFFD78F27CE76DA00584484 /* OnboardingView.swift in Sources */ = {isa = PBXBuildFile; fileRef = DBFFD78E27CE76DA00584484 /* OnboardingView.swift */; };
		DBFFD79427CE8A2E00584484 /* ProgressDialog.swift in Sources */ = {isa = PBXBuildFile; fileRef = DBFFD79327CE8A2E00584484 /* ProgressDialog.swift */; };
		DBFFD79627CEC6DE00584484 /* BackButton.swift in Sources */ = {isa = PBXBuildFile; fileRef = DBFFD79527CEC6DE00584484 /* BackButton.swift */; };
		DBFFD79927CFEC4800584484 /* ColorExtension.swift in Sources */ = {isa = PBXBuildFile; fileRef = DBFFD79827CFEC4800584484 /* ColorExtension.swift */; };
/* End PBXBuildFile section */

/* Begin PBXFileReference section */
		DB09F80F27CB432D0022C034 /* UrgentToEatView.swift */ = {isa = PBXFileReference; lastKnownFileType = sourcecode.swift; path = UrgentToEatView.swift; sourceTree = "<group>"; };
		DB2108CF27D14102003CDB09 /* EatByReminderManager-UNUserNotificationDelegateProtocol Extension.swift */ = {isa = PBXFileReference; lastKnownFileType = sourcecode.swift; path = "EatByReminderManager-UNUserNotificationDelegateProtocol Extension.swift"; sourceTree = "<group>"; };
		DB25C19727C5559A00DBEBB2 /* FunctionEvaluator.swift */ = {isa = PBXFileReference; lastKnownFileType = sourcecode.swift; path = FunctionEvaluator.swift; sourceTree = "<group>"; };
		DB25C19C27C59C1200DBEBB2 /* EatByReminderManager.swift */ = {isa = PBXFileReference; lastKnownFileType = sourcecode.swift; path = EatByReminderManager.swift; sourceTree = "<group>"; };
		DB25C19E27C5A56E00DBEBB2 /* Date - DateFormatExtension.swift */ = {isa = PBXFileReference; lastKnownFileType = sourcecode.swift; path = "Date - DateFormatExtension.swift"; sourceTree = "<group>"; };
		DB25C1A027C5ADC200DBEBB2 /* EatByReminderError.swift */ = {isa = PBXFileReference; lastKnownFileType = sourcecode.swift; path = EatByReminderError.swift; sourceTree = "<group>"; };
		DB25C1A327C961CE00DBEBB2 /* UnfairLock.swift */ = {isa = PBXFileReference; lastKnownFileType = sourcecode.swift; path = UnfairLock.swift; sourceTree = "<group>"; };
		DB25C1A527C9621600DBEBB2 /* NSLockingExtension.swift */ = {isa = PBXFileReference; lastKnownFileType = sourcecode.swift; path = NSLockingExtension.swift; sourceTree = "<group>"; };
		DB293A592795C92000001DA6 /* UserItem.swift */ = {isa = PBXFileReference; lastKnownFileType = sourcecode.swift; path = UserItem.swift; sourceTree = "<group>"; };
		DB293A5E2795C9D700001DA6 /* UserItemListView.swift */ = {isa = PBXFileReference; fileEncoding = 4; lastKnownFileType = sourcecode.swift; name = UserItemListView.swift; path = ../../../../../../.Trash/UserItemListView.swift; sourceTree = "<group>"; };
		DB297AD927A0FE0100EAA3C3 /* Settings.swift */ = {isa = PBXFileReference; lastKnownFileType = sourcecode.swift; path = Settings.swift; sourceTree = "<group>"; };
		DB297ADE27A88BAA00EAA3C3 /* UserItemView.swift */ = {isa = PBXFileReference; lastKnownFileType = sourcecode.swift; path = UserItemView.swift; sourceTree = "<group>"; };
		DB297AE027A88C2700EAA3C3 /* StatusClockView.swift */ = {isa = PBXFileReference; lastKnownFileType = sourcecode.swift; path = StatusClockView.swift; sourceTree = "<group>"; };
		DB297AE227A8E81200EAA3C3 /* Cache.swift */ = {isa = PBXFileReference; lastKnownFileType = sourcecode.swift; path = Cache.swift; sourceTree = "<group>"; };
		DB297AE427A9E73F00EAA3C3 /* ItemsHTTPManager.swift */ = {isa = PBXFileReference; lastKnownFileType = sourcecode.swift; path = ItemsHTTPManager.swift; sourceTree = "<group>"; };
		DB34300827BEC12900CF076A /* ReceiptScanningErrors.swift */ = {isa = PBXFileReference; lastKnownFileType = sourcecode.swift; path = ReceiptScanningErrors.swift; sourceTree = "<group>"; };
		DB34305327BEE02800CF076A /* ScannedItemViewModel.swift */ = {isa = PBXFileReference; lastKnownFileType = sourcecode.swift; path = ScannedItemViewModel.swift; sourceTree = "<group>"; };
		DB45EA73277BF75D001BA6C2 /* ProduceViewModel.swift */ = {isa = PBXFileReference; lastKnownFileType = sourcecode.swift; name = ProduceViewModel.swift; path = ../../../../SYG/sYg/sYg/ViewModels/ProduceViewModel.swift; sourceTree = "<group>"; };
		DB45EA77277BF7B5001BA6C2 /* ProduceItem.swift */ = {isa = PBXFileReference; lastKnownFileType = sourcecode.swift; path = ProduceItem.swift; sourceTree = "<group>"; };
		DB45EA79277BF81C001BA6C2 /* ProduceListView.swift */ = {isa = PBXFileReference; lastKnownFileType = sourcecode.swift; path = ProduceListView.swift; sourceTree = "<group>"; };
		DB623D082783AA7A00EEEC09 /* AnalyzedReceipt.swift */ = {isa = PBXFileReference; lastKnownFileType = sourcecode.swift; path = AnalyzedReceipt.swift; sourceTree = "<group>"; };
		DB623D0A2783ABD300EEEC09 /* AzureHTTPManager.swift */ = {isa = PBXFileReference; lastKnownFileType = sourcecode.swift; path = AzureHTTPManager.swift; sourceTree = "<group>"; };
		DB623D0D2783AC0400EEEC09 /* HTTPManagerProtocol.swift */ = {isa = PBXFileReference; lastKnownFileType = sourcecode.swift; path = HTTPManagerProtocol.swift; sourceTree = "<group>"; };
		DB623D0F2783AF3C00EEEC09 /* AzureHTTPManagerProtocol.swift */ = {isa = PBXFileReference; lastKnownFileType = sourcecode.swift; path = AzureHTTPManagerProtocol.swift; sourceTree = "<group>"; };
		DB623D142783B15400EEEC09 /* URLSessionProtocol.swift */ = {isa = PBXFileReference; lastKnownFileType = sourcecode.swift; path = URLSessionProtocol.swift; sourceTree = "<group>"; };
		DB623D162783B18000EEEC09 /* URLSessionDataTaskProtocol.swift */ = {isa = PBXFileReference; lastKnownFileType = sourcecode.swift; path = URLSessionDataTaskProtocol.swift; sourceTree = "<group>"; };
		DB623D182783CCAD00EEEC09 /* URLSession-URLSessionProtocol.swift */ = {isa = PBXFileReference; lastKnownFileType = sourcecode.swift; path = "URLSession-URLSessionProtocol.swift"; sourceTree = "<group>"; };
		DB623D1A2783CCC500EEEC09 /* URLSessionDataTask - URLSessionDataTaskProtocol.swift */ = {isa = PBXFileReference; lastKnownFileType = sourcecode.swift; path = "URLSessionDataTask - URLSessionDataTaskProtocol.swift"; sourceTree = "<group>"; };
		DB623D232784F5B400EEEC09 /* AnalyzeResult.swift */ = {isa = PBXFileReference; lastKnownFileType = sourcecode.swift; path = AnalyzeResult.swift; sourceTree = "<group>"; };
		DB623D252784F70900EEEC09 /* DocumentResult.swift */ = {isa = PBXFileReference; lastKnownFileType = sourcecode.swift; path = DocumentResult.swift; sourceTree = "<group>"; };
		DB78D9E32753301900EDA0E1 /* sYg.app */ = {isa = PBXFileReference; explicitFileType = wrapper.application; includeInIndex = 0; path = sYg.app; sourceTree = BUILT_PRODUCTS_DIR; };
		DB78D9E62753301900EDA0E1 /* sYgApp.swift */ = {isa = PBXFileReference; lastKnownFileType = sourcecode.swift; path = sYgApp.swift; sourceTree = "<group>"; };
		DB78D9EA2753301C00EDA0E1 /* Assets.xcassets */ = {isa = PBXFileReference; lastKnownFileType = folder.assetcatalog; path = Assets.xcassets; sourceTree = "<group>"; };
		DB7E9B2427B58237001A937A /* ItemMatcherFactory.swift */ = {isa = PBXFileReference; lastKnownFileType = sourcecode.swift; path = ItemMatcherFactory.swift; sourceTree = "<group>"; };
		DB833FD527C082BB004BF14D /* ScannedItemsDataModel.xcdatamodel */ = {isa = PBXFileReference; lastKnownFileType = wrapper.xcdatamodel; path = ScannedItemsDataModel.xcdatamodel; sourceTree = "<group>"; };
		DB833FD827C08C39004BF14D /* TimeConstants.swift */ = {isa = PBXFileReference; lastKnownFileType = sourcecode.swift; path = TimeConstants.swift; sourceTree = "<group>"; };
		DBA3AC4427B6C026008975C4 /* HTTPManager.swift */ = {isa = PBXFileReference; lastKnownFileType = sourcecode.swift; path = HTTPManager.swift; sourceTree = "<group>"; };
		DBA3AC4627B6C09B008975C4 /* HTTPManager - HTTPManagerProtocol.swift */ = {isa = PBXFileReference; lastKnownFileType = sourcecode.swift; path = "HTTPManager - HTTPManagerProtocol.swift"; sourceTree = "<group>"; };
		DBA3AC4927B6C10B008975C4 /* AzureHTTPManager - AzureHTTPManagerProtocol.swift */ = {isa = PBXFileReference; lastKnownFileType = sourcecode.swift; path = "AzureHTTPManager - AzureHTTPManagerProtocol.swift"; sourceTree = "<group>"; };
		DBA4365427D07CB60018A539 /* Launch Screen.storyboard */ = {isa = PBXFileReference; lastKnownFileType = file.storyboard; path = "Launch Screen.storyboard"; sourceTree = "<group>"; };
		DBA6EEA227868F58002E19AA /* MainUserView.swift */ = {isa = PBXFileReference; lastKnownFileType = sourcecode.swift; path = MainUserView.swift; sourceTree = "<group>"; };
		DBB25C49277CC29600C5F783 /* MainViewModel.swift */ = {isa = PBXFileReference; lastKnownFileType = sourcecode.swift; path = MainViewModel.swift; sourceTree = "<group>"; };
		DBB25C4B277CC3AE00C5F783 /* Selector.swift */ = {isa = PBXFileReference; lastKnownFileType = sourcecode.swift; path = Selector.swift; sourceTree = "<group>"; };
		DBB4990A27D030A400E08D8F /* Info.plist */ = {isa = PBXFileReference; lastKnownFileType = text.plist; path = Info.plist; sourceTree = "<group>"; };
		DBBDD37E277C09A60030A51E /* ReceiptSelector.swift */ = {isa = PBXFileReference; lastKnownFileType = sourcecode.swift; path = ReceiptSelector.swift; sourceTree = "<group>"; };
		DBFFD78827CDE39600584484 /* PopOvers.swift */ = {isa = PBXFileReference; lastKnownFileType = sourcecode.swift; path = PopOvers.swift; sourceTree = "<group>"; };
		DBFFD78C27CE769600584484 /* SettingsView.swift */ = {isa = PBXFileReference; lastKnownFileType = sourcecode.swift; path = SettingsView.swift; sourceTree = "<group>"; };
		DBFFD78E27CE76DA00584484 /* OnboardingView.swift */ = {isa = PBXFileReference; lastKnownFileType = sourcecode.swift; path = OnboardingView.swift; sourceTree = "<group>"; };
		DBFFD79327CE8A2E00584484 /* ProgressDialog.swift */ = {isa = PBXFileReference; lastKnownFileType = sourcecode.swift; path = ProgressDialog.swift; sourceTree = "<group>"; };
		DBFFD79527CEC6DE00584484 /* BackButton.swift */ = {isa = PBXFileReference; lastKnownFileType = sourcecode.swift; path = BackButton.swift; sourceTree = "<group>"; };
		DBFFD79827CFEC4800584484 /* ColorExtension.swift */ = {isa = PBXFileReference; lastKnownFileType = sourcecode.swift; path = ColorExtension.swift; sourceTree = "<group>"; };
/* End PBXFileReference section */

/* Begin PBXFrameworksBuildPhase section */
		DB78D9E02753301900EDA0E1 /* Frameworks */ = {
			isa = PBXFrameworksBuildPhase;
			buildActionMask = 2147483647;
			files = (
			);
			runOnlyForDeploymentPostprocessing = 0;
		};
/* End PBXFrameworksBuildPhase section */

/* Begin PBXGroup section */
		DB25C19B27C59BEB00DBEBB2 /* LocalNotifications */ = {
			isa = PBXGroup;
			children = (
				DB25C19C27C59C1200DBEBB2 /* EatByReminderManager.swift */,
				DB25C19E27C5A56E00DBEBB2 /* Date - DateFormatExtension.swift */,
				DB2108CF27D14102003CDB09 /* EatByReminderManager-UNUserNotificationDelegateProtocol Extension.swift */,
			);
			path = LocalNotifications;
			sourceTree = "<group>";
		};
		DB25C1A227C9619900DBEBB2 /* Concurrency */ = {
			isa = PBXGroup;
			children = (
				DB25C1A327C961CE00DBEBB2 /* UnfairLock.swift */,
				DB25C1A527C9621600DBEBB2 /* NSLockingExtension.swift */,
			);
			path = Concurrency;
			sourceTree = "<group>";
		};
		DB293A5B2795C98600001DA6 /* UserItemViews */ = {
			isa = PBXGroup;
			children = (
				DB293A5E2795C9D700001DA6 /* UserItemListView.swift */,
				DB297ADE27A88BAA00EAA3C3 /* UserItemView.swift */,
				DB297AE027A88C2700EAA3C3 /* StatusClockView.swift */,
			);
			path = UserItemViews;
			sourceTree = "<group>";
		};
		DB34300727BEC11700CF076A /* Errors */ = {
			isa = PBXGroup;
			children = (
				DB34300827BEC12900CF076A /* ReceiptScanningErrors.swift */,
				DB25C1A027C5ADC200DBEBB2 /* EatByReminderError.swift */,
			);
			path = Errors;
			sourceTree = "<group>";
		};
		DB3B7EF027C0B67200C5D3DE /* Tools */ = {
			isa = PBXGroup;
			children = (
				DB25C1A227C9619900DBEBB2 /* Concurrency */,
				DB25C19B27C59BEB00DBEBB2 /* LocalNotifications */,
				DB34300727BEC11700CF076A /* Errors */,
				DB7E9B1C27B5686B001A937A /* ItemMatcher */,
				DB623D072783AA0700EEEC09 /* HTTPManager */,
				DB45EA7D277C0919001BA6C2 /* Scanning */,
				DB25C19727C5559A00DBEBB2 /* FunctionEvaluator.swift */,
			);
			path = Tools;
			sourceTree = "<group>";
		};
		DB45EA72277BF74B001BA6C2 /* ViewModels */ = {
			isa = PBXGroup;
			children = (
				DB34305327BEE02800CF076A /* ScannedItemViewModel.swift */,
				DB45EA73277BF75D001BA6C2 /* ProduceViewModel.swift */,
				DBB25C49277CC29600C5F783 /* MainViewModel.swift */,
			);
			path = ViewModels;
			sourceTree = "<group>";
		};
		DB45EA75277BF79A001BA6C2 /* Views */ = {
			isa = PBXGroup;
			children = (
				DBA4365427D07CB60018A539 /* Launch Screen.storyboard */,
				DBFFD79727CFEC3D00584484 /* UI */,
				DBFFD79027CE853700584484 /* Misc */,
				DBA6EEA127868F2F002E19AA /* Main */,
				DBA6EEA027868F27002E19AA /* Help */,
				DBA6EE9F27868F1E002E19AA /* User */,
			);
			path = Views;
			sourceTree = "<group>";
		};
		DB45EA76277BF7A8001BA6C2 /* Models */ = {
			isa = PBXGroup;
			children = (
				DB623D222784F53B00EEEC09 /* ReceiptModels */,
				DB623D212784F52500EEEC09 /* DBModels */,
				DBB25C4B277CC3AE00C5F783 /* Selector.swift */,
			);
			path = Models;
			sourceTree = "<group>";
		};
		DB45EA7D277C0919001BA6C2 /* Scanning */ = {
			isa = PBXGroup;
			children = (
				DBBDD37E277C09A60030A51E /* ReceiptSelector.swift */,
			);
			path = Scanning;
			sourceTree = "<group>";
		};
		DB623D072783AA0700EEEC09 /* HTTPManager */ = {
			isa = PBXGroup;
			children = (
				DB623D112783AF4100EEEC09 /* Protocol Extensions */,
				DB623D0C2783ABEC00EEEC09 /* Protocols */,
				DB623D0A2783ABD300EEEC09 /* AzureHTTPManager.swift */,
				DB297AE427A9E73F00EAA3C3 /* ItemsHTTPManager.swift */,
				DBA3AC4427B6C026008975C4 /* HTTPManager.swift */,
			);
			path = HTTPManager;
			sourceTree = "<group>";
		};
		DB623D0C2783ABEC00EEEC09 /* Protocols */ = {
			isa = PBXGroup;
			children = (
				DB623D0D2783AC0400EEEC09 /* HTTPManagerProtocol.swift */,
				DB623D0F2783AF3C00EEEC09 /* AzureHTTPManagerProtocol.swift */,
				DB623D142783B15400EEEC09 /* URLSessionProtocol.swift */,
				DB623D162783B18000EEEC09 /* URLSessionDataTaskProtocol.swift */,
			);
			path = Protocols;
			sourceTree = "<group>";
		};
		DB623D112783AF4100EEEC09 /* Protocol Extensions */ = {
			isa = PBXGroup;
			children = (
				DB623D182783CCAD00EEEC09 /* URLSession-URLSessionProtocol.swift */,
				DB623D1A2783CCC500EEEC09 /* URLSessionDataTask - URLSessionDataTaskProtocol.swift */,
				DBA3AC4627B6C09B008975C4 /* HTTPManager - HTTPManagerProtocol.swift */,
				DBA3AC4927B6C10B008975C4 /* AzureHTTPManager - AzureHTTPManagerProtocol.swift */,
			);
			path = "Protocol Extensions";
			sourceTree = "<group>";
		};
		DB623D212784F52500EEEC09 /* DBModels */ = {
			isa = PBXGroup;
			children = (
				DB45EA77277BF7B5001BA6C2 /* ProduceItem.swift */,
				DB293A592795C92000001DA6 /* UserItem.swift */,
			);
			path = DBModels;
			sourceTree = "<group>";
		};
		DB623D222784F53B00EEEC09 /* ReceiptModels */ = {
			isa = PBXGroup;
			children = (
				DB623D082783AA7A00EEEC09 /* AnalyzedReceipt.swift */,
				DB623D232784F5B400EEEC09 /* AnalyzeResult.swift */,
				DB623D252784F70900EEEC09 /* DocumentResult.swift */,
			);
			path = ReceiptModels;
			sourceTree = "<group>";
		};
		DB78D9DA2753301900EDA0E1 = {
			isa = PBXGroup;
			children = (
				DB78D9E52753301900EDA0E1 /* sYg */,
				DB78D9E42753301900EDA0E1 /* Products */,
			);
			sourceTree = "<group>";
		};
		DB78D9E42753301900EDA0E1 /* Products */ = {
			isa = PBXGroup;
			children = (
				DB78D9E32753301900EDA0E1 /* sYg.app */,
			);
			name = Products;
			sourceTree = "<group>";
		};
		DB78D9E52753301900EDA0E1 /* sYg */ = {
			isa = PBXGroup;
			children = (
				DBB4990A27D030A400E08D8F /* Info.plist */,
				DB3B7EF027C0B67200C5D3DE /* Tools */,
				DB833FD727C08C29004BF14D /* Settings */,
				DB833FD327C08297004BF14D /* Data */,
				DB45EA76277BF7A8001BA6C2 /* Models */,
				DB45EA75277BF79A001BA6C2 /* Views */,
				DB45EA72277BF74B001BA6C2 /* ViewModels */,
				DB78D9E62753301900EDA0E1 /* sYgApp.swift */,
				DB78D9EA2753301C00EDA0E1 /* Assets.xcassets */,
			);
			path = sYg;
			sourceTree = "<group>";
		};
		DB7E9B1C27B5686B001A937A /* ItemMatcher */ = {
			isa = PBXGroup;
			children = (
				DB7E9B2127B56DAF001A937A /* Protocols */,
				DB7E9B2427B58237001A937A /* ItemMatcherFactory.swift */,
			);
			path = ItemMatcher;
			sourceTree = "<group>";
		};
		DB7E9B2127B56DAF001A937A /* Protocols */ = {
			isa = PBXGroup;
			children = (
			);
			path = Protocols;
			sourceTree = "<group>";
		};
		DB833FD327C08297004BF14D /* Data */ = {
			isa = PBXGroup;
			children = (
				DB297AE227A8E81200EAA3C3 /* Cache.swift */,
				DB833FD427C082BB004BF14D /* ScannedItemsDataModel.xcdatamodeld */,
			);
			path = Data;
			sourceTree = "<group>";
		};
		DB833FD727C08C29004BF14D /* Settings */ = {
			isa = PBXGroup;
			children = (
				DB297AD927A0FE0100EAA3C3 /* Settings.swift */,
				DB833FD827C08C39004BF14D /* TimeConstants.swift */,
			);
			path = Settings;
			sourceTree = "<group>";
		};
		DBA6EE9F27868F1E002E19AA /* User */ = {
			isa = PBXGroup;
			children = (
				DBFFD78C27CE769600584484 /* SettingsView.swift */,
				DB09F80F27CB432D0022C034 /* UrgentToEatView.swift */,
				DBFFD78E27CE76DA00584484 /* OnboardingView.swift */,
			);
			path = User;
			sourceTree = "<group>";
		};
		DBA6EEA027868F27002E19AA /* Help */ = {
			isa = PBXGroup;
			children = (
				DB45EA79277BF81C001BA6C2 /* ProduceListView.swift */,
			);
			path = Help;
			sourceTree = "<group>";
		};
		DBA6EEA127868F2F002E19AA /* Main */ = {
			isa = PBXGroup;
			children = (
				DB293A5B2795C98600001DA6 /* UserItemViews */,
				DBA6EEA227868F58002E19AA /* MainUserView.swift */,
			);
			path = Main;
			sourceTree = "<group>";
		};
		DBFFD79027CE853700584484 /* Misc */ = {
			isa = PBXGroup;
			children = (
				DBFFD78827CDE39600584484 /* PopOvers.swift */,
				DBFFD79327CE8A2E00584484 /* ProgressDialog.swift */,
				DBFFD79527CEC6DE00584484 /* BackButton.swift */,
			);
			path = Misc;
			sourceTree = "<group>";
		};
		DBFFD79727CFEC3D00584484 /* UI */ = {
			isa = PBXGroup;
			children = (
				DBFFD79827CFEC4800584484 /* ColorExtension.swift */,
			);
			path = UI;
			sourceTree = "<group>";
		};
/* End PBXGroup section */

/* Begin PBXNativeTarget section */
		DB78D9E22753301900EDA0E1 /* sYg */ = {
			isa = PBXNativeTarget;
			buildConfigurationList = DB78D9F12753301C00EDA0E1 /* Build configuration list for PBXNativeTarget "sYg" */;
			buildPhases = (
				DB78D9DF2753301900EDA0E1 /* Sources */,
				DB78D9E02753301900EDA0E1 /* Frameworks */,
				DB78D9E12753301900EDA0E1 /* Resources */,
			);
			buildRules = (
			);
			dependencies = (
			);
			name = sYg;
			productName = sYg;
			productReference = DB78D9E32753301900EDA0E1 /* sYg.app */;
			productType = "com.apple.product-type.application";
		};
/* End PBXNativeTarget section */

/* Begin PBXProject section */
		DB78D9DB2753301900EDA0E1 /* Project object */ = {
			isa = PBXProject;
			attributes = {
				BuildIndependentTargetsInParallel = 1;
				LastSwiftUpdateCheck = 1320;
				LastUpgradeCheck = 1310;
				TargetAttributes = {
					DB78D9E22753301900EDA0E1 = {
						CreatedOnToolsVersion = 13.1;
					};
				};
			};
			buildConfigurationList = DB78D9DE2753301900EDA0E1 /* Build configuration list for PBXProject "sYg" */;
			compatibilityVersion = "Xcode 13.0";
			developmentRegion = en;
			hasScannedForEncodings = 0;
			knownRegions = (
				en,
				Base,
			);
			mainGroup = DB78D9DA2753301900EDA0E1;
			productRefGroup = DB78D9E42753301900EDA0E1 /* Products */;
			projectDirPath = "";
			projectRoot = "";
			targets = (
				DB78D9E22753301900EDA0E1 /* sYg */,
			);
		};
/* End PBXProject section */

/* Begin PBXResourcesBuildPhase section */
		DB78D9E12753301900EDA0E1 /* Resources */ = {
			isa = PBXResourcesBuildPhase;
			buildActionMask = 2147483647;
			files = (
				DBA4365527D07CB60018A539 /* Launch Screen.storyboard in Resources */,
				DB78D9EB2753301C00EDA0E1 /* Assets.xcassets in Resources */,
			);
			runOnlyForDeploymentPostprocessing = 0;
		};
/* End PBXResourcesBuildPhase section */

/* Begin PBXSourcesBuildPhase section */
		DB78D9DF2753301900EDA0E1 /* Sources */ = {
			isa = PBXSourcesBuildPhase;
			buildActionMask = 2147483647;
			files = (
				DB25C1A627C9621600DBEBB2 /* NSLockingExtension.swift in Sources */,
				DB25C19D27C59C1200DBEBB2 /* EatByReminderManager.swift in Sources */,
				DBFFD79427CE8A2E00584484 /* ProgressDialog.swift in Sources */,
				DBFFD79627CEC6DE00584484 /* BackButton.swift in Sources */,
				DBFFD79927CFEC4800584484 /* ColorExtension.swift in Sources */,
				DB623D152783B15400EEEC09 /* URLSessionProtocol.swift in Sources */,
				DB623D242784F5B400EEEC09 /* AnalyzeResult.swift in Sources */,
				DB25C19F27C5A56E00DBEBB2 /* Date - DateFormatExtension.swift in Sources */,
				DB833FD627C082BB004BF14D /* ScannedItemsDataModel.xcdatamodeld in Sources */,
				DBFFD78927CDE39600584484 /* PopOvers.swift in Sources */,
				DB293A5F2795C9D700001DA6 /* UserItemListView.swift in Sources */,
				DB297AE127A88C2700EAA3C3 /* StatusClockView.swift in Sources */,
				DB45EA78277BF7B5001BA6C2 /* ProduceItem.swift in Sources */,
				DB297AE527A9E73F00EAA3C3 /* ItemsHTTPManager.swift in Sources */,
				DB623D1B2783CCC500EEEC09 /* URLSessionDataTask - URLSessionDataTaskProtocol.swift in Sources */,
				DBB25C4A277CC29600C5F783 /* MainViewModel.swift in Sources */,
				DBA3AC4527B6C026008975C4 /* HTTPManager.swift in Sources */,
				DB623D192783CCAD00EEEC09 /* URLSession-URLSessionProtocol.swift in Sources */,
				DB34300927BEC12900CF076A /* ReceiptScanningErrors.swift in Sources */,
				DB25C1A127C5ADC200DBEBB2 /* EatByReminderError.swift in Sources */,
				DB297AE327A8E81200EAA3C3 /* Cache.swift in Sources */,
				DB833FD927C08C39004BF14D /* TimeConstants.swift in Sources */,
				DB623D262784F70900EEEC09 /* DocumentResult.swift in Sources */,
				DBB25C4C277CC3AE00C5F783 /* Selector.swift in Sources */,
				DB623D0E2783AC0400EEEC09 /* HTTPManagerProtocol.swift in Sources */,
				DB45EA74277BF75D001BA6C2 /* ProduceViewModel.swift in Sources */,
				DBFFD78D27CE769600584484 /* SettingsView.swift in Sources */,
				DB7E9B2527B58237001A937A /* ItemMatcherFactory.swift in Sources */,
				DB623D102783AF3C00EEEC09 /* AzureHTTPManagerProtocol.swift in Sources */,
				DB09F81027CB432D0022C034 /* UrgentToEatView.swift in Sources */,
				DBA6EEA327868F58002E19AA /* MainUserView.swift in Sources */,
				DB297ADF27A88BAA00EAA3C3 /* UserItemView.swift in Sources */,
				DB78D9E72753301900EDA0E1 /* sYgApp.swift in Sources */,
				DBA3AC4727B6C09B008975C4 /* HTTPManager - HTTPManagerProtocol.swift in Sources */,
				DB25C1A427C961CE00DBEBB2 /* UnfairLock.swift in Sources */,
				DB45EA7A277BF81C001BA6C2 /* ProduceListView.swift in Sources */,
				DB623D0B2783ABD300EEEC09 /* AzureHTTPManager.swift in Sources */,
				DBA3AC4A27B6C10B008975C4 /* AzureHTTPManager - AzureHTTPManagerProtocol.swift in Sources */,
				DB34305427BEE02800CF076A /* ScannedItemViewModel.swift in Sources */,
				DB297ADA27A0FE0100EAA3C3 /* Settings.swift in Sources */,
				DB623D092783AA7A00EEEC09 /* AnalyzedReceipt.swift in Sources */,
				DBBDD37F277C09A60030A51E /* ReceiptSelector.swift in Sources */,
				DB25C19827C5559A00DBEBB2 /* FunctionEvaluator.swift in Sources */,
				DB2108D027D14102003CDB09 /* EatByReminderManager-UNUserNotificationDelegateProtocol Extension.swift in Sources */,
				DBFFD78F27CE76DA00584484 /* OnboardingView.swift in Sources */,
				DB293A5A2795C92000001DA6 /* UserItem.swift in Sources */,
				DB623D172783B18000EEEC09 /* URLSessionDataTaskProtocol.swift in Sources */,
			);
			runOnlyForDeploymentPostprocessing = 0;
		};
/* End PBXSourcesBuildPhase section */

/* Begin XCBuildConfiguration section */
		DB78D9EF2753301C00EDA0E1 /* Debug */ = {
			isa = XCBuildConfiguration;
			buildSettings = {
				ALWAYS_SEARCH_USER_PATHS = NO;
				CLANG_ANALYZER_NONNULL = YES;
				CLANG_ANALYZER_NUMBER_OBJECT_CONVERSION = YES_AGGRESSIVE;
				CLANG_CXX_LANGUAGE_STANDARD = "gnu++17";
				CLANG_CXX_LIBRARY = "libc++";
				CLANG_ENABLE_MODULES = YES;
				CLANG_ENABLE_OBJC_ARC = YES;
				CLANG_ENABLE_OBJC_WEAK = YES;
				CLANG_WARN_BLOCK_CAPTURE_AUTORELEASING = YES;
				CLANG_WARN_BOOL_CONVERSION = YES;
				CLANG_WARN_COMMA = YES;
				CLANG_WARN_CONSTANT_CONVERSION = YES;
				CLANG_WARN_DEPRECATED_OBJC_IMPLEMENTATIONS = YES;
				CLANG_WARN_DIRECT_OBJC_ISA_USAGE = YES_ERROR;
				CLANG_WARN_DOCUMENTATION_COMMENTS = YES;
				CLANG_WARN_EMPTY_BODY = YES;
				CLANG_WARN_ENUM_CONVERSION = YES;
				CLANG_WARN_INFINITE_RECURSION = YES;
				CLANG_WARN_INT_CONVERSION = YES;
				CLANG_WARN_NON_LITERAL_NULL_CONVERSION = YES;
				CLANG_WARN_OBJC_IMPLICIT_RETAIN_SELF = YES;
				CLANG_WARN_OBJC_LITERAL_CONVERSION = YES;
				CLANG_WARN_OBJC_ROOT_CLASS = YES_ERROR;
				CLANG_WARN_QUOTED_INCLUDE_IN_FRAMEWORK_HEADER = YES;
				CLANG_WARN_RANGE_LOOP_ANALYSIS = YES;
				CLANG_WARN_STRICT_PROTOTYPES = YES;
				CLANG_WARN_SUSPICIOUS_MOVE = YES;
				CLANG_WARN_UNGUARDED_AVAILABILITY = YES_AGGRESSIVE;
				CLANG_WARN_UNREACHABLE_CODE = YES;
				CLANG_WARN__DUPLICATE_METHOD_MATCH = YES;
				COPY_PHASE_STRIP = NO;
				DEBUG_INFORMATION_FORMAT = dwarf;
				ENABLE_STRICT_OBJC_MSGSEND = YES;
				ENABLE_TESTABILITY = YES;
				GCC_C_LANGUAGE_STANDARD = gnu11;
				GCC_DYNAMIC_NO_PIC = NO;
				GCC_NO_COMMON_BLOCKS = YES;
				GCC_OPTIMIZATION_LEVEL = 0;
				GCC_PREPROCESSOR_DEFINITIONS = (
					"DEBUG=1",
					"$(inherited)",
				);
				GCC_WARN_64_TO_32_BIT_CONVERSION = YES;
				GCC_WARN_ABOUT_RETURN_TYPE = YES_ERROR;
				GCC_WARN_UNDECLARED_SELECTOR = YES;
				GCC_WARN_UNINITIALIZED_AUTOS = YES_AGGRESSIVE;
				GCC_WARN_UNUSED_FUNCTION = YES;
				GCC_WARN_UNUSED_VARIABLE = YES;
				IPHONEOS_DEPLOYMENT_TARGET = 15.0;
				MTL_ENABLE_DEBUG_INFO = INCLUDE_SOURCE;
				MTL_FAST_MATH = YES;
				ONLY_ACTIVE_ARCH = YES;
				SDKROOT = iphoneos;
				SWIFT_ACTIVE_COMPILATION_CONDITIONS = DEBUG;
				SWIFT_OPTIMIZATION_LEVEL = "-Onone";
			};
			name = Debug;
		};
		DB78D9F02753301C00EDA0E1 /* Release */ = {
			isa = XCBuildConfiguration;
			buildSettings = {
				ALWAYS_SEARCH_USER_PATHS = NO;
				CLANG_ANALYZER_NONNULL = YES;
				CLANG_ANALYZER_NUMBER_OBJECT_CONVERSION = YES_AGGRESSIVE;
				CLANG_CXX_LANGUAGE_STANDARD = "gnu++17";
				CLANG_CXX_LIBRARY = "libc++";
				CLANG_ENABLE_MODULES = YES;
				CLANG_ENABLE_OBJC_ARC = YES;
				CLANG_ENABLE_OBJC_WEAK = YES;
				CLANG_WARN_BLOCK_CAPTURE_AUTORELEASING = YES;
				CLANG_WARN_BOOL_CONVERSION = YES;
				CLANG_WARN_COMMA = YES;
				CLANG_WARN_CONSTANT_CONVERSION = YES;
				CLANG_WARN_DEPRECATED_OBJC_IMPLEMENTATIONS = YES;
				CLANG_WARN_DIRECT_OBJC_ISA_USAGE = YES_ERROR;
				CLANG_WARN_DOCUMENTATION_COMMENTS = YES;
				CLANG_WARN_EMPTY_BODY = YES;
				CLANG_WARN_ENUM_CONVERSION = YES;
				CLANG_WARN_INFINITE_RECURSION = YES;
				CLANG_WARN_INT_CONVERSION = YES;
				CLANG_WARN_NON_LITERAL_NULL_CONVERSION = YES;
				CLANG_WARN_OBJC_IMPLICIT_RETAIN_SELF = YES;
				CLANG_WARN_OBJC_LITERAL_CONVERSION = YES;
				CLANG_WARN_OBJC_ROOT_CLASS = YES_ERROR;
				CLANG_WARN_QUOTED_INCLUDE_IN_FRAMEWORK_HEADER = YES;
				CLANG_WARN_RANGE_LOOP_ANALYSIS = YES;
				CLANG_WARN_STRICT_PROTOTYPES = YES;
				CLANG_WARN_SUSPICIOUS_MOVE = YES;
				CLANG_WARN_UNGUARDED_AVAILABILITY = YES_AGGRESSIVE;
				CLANG_WARN_UNREACHABLE_CODE = YES;
				CLANG_WARN__DUPLICATE_METHOD_MATCH = YES;
				COPY_PHASE_STRIP = NO;
				DEBUG_INFORMATION_FORMAT = "dwarf-with-dsym";
				ENABLE_NS_ASSERTIONS = NO;
				ENABLE_STRICT_OBJC_MSGSEND = YES;
				GCC_C_LANGUAGE_STANDARD = gnu11;
				GCC_NO_COMMON_BLOCKS = YES;
				GCC_WARN_64_TO_32_BIT_CONVERSION = YES;
				GCC_WARN_ABOUT_RETURN_TYPE = YES_ERROR;
				GCC_WARN_UNDECLARED_SELECTOR = YES;
				GCC_WARN_UNINITIALIZED_AUTOS = YES_AGGRESSIVE;
				GCC_WARN_UNUSED_FUNCTION = YES;
				GCC_WARN_UNUSED_VARIABLE = YES;
				IPHONEOS_DEPLOYMENT_TARGET = 15.0;
				MTL_ENABLE_DEBUG_INFO = NO;
				MTL_FAST_MATH = YES;
				SDKROOT = iphoneos;
				SWIFT_COMPILATION_MODE = wholemodule;
				SWIFT_OPTIMIZATION_LEVEL = "-O";
				VALIDATE_PRODUCT = YES;
			};
			name = Release;
		};
		DB78D9F22753301C00EDA0E1 /* Debug */ = {
			isa = XCBuildConfiguration;
			buildSettings = {
				ASSETCATALOG_COMPILER_APPICON_NAME = AppIcon;
				ASSETCATALOG_COMPILER_GLOBAL_ACCENT_COLOR_NAME = AccentColor;
				ASSETCATALOG_COMPILER_INCLUDE_ALL_APPICON_ASSETS = NO;
				CODE_SIGN_STYLE = Automatic;
				CURRENT_PROJECT_VERSION = 4;
				DEVELOPMENT_ASSET_PATHS = "\"sYg/Preview Content\"";
				DEVELOPMENT_TEAM = S6Z9UYN7ZL;
				ENABLE_PREVIEWS = YES;
				GENERATE_INFOPLIST_FILE = YES;
				INFOPLIST_FILE = sYg/Info.plist;
				INFOPLIST_KEY_CFBundleDisplayName = "EatThat!";
				INFOPLIST_KEY_NSCameraUsageDescription = "EatThat! will strictly use your camera to scan receipts!";
				INFOPLIST_KEY_NSPhotoLibraryUsageDescription = "EatThat! will strictly access your photo library to scan an existing receipt.";
				INFOPLIST_KEY_NSRemindersUsageDescription = "EatThat! will send you daily reminders to eat your food if applicable.";
				INFOPLIST_KEY_UIApplicationSceneManifest_Generation = YES;
				INFOPLIST_KEY_UIApplicationSupportsIndirectInputEvents = YES;
				INFOPLIST_KEY_UILaunchStoryboardName = "Launch Screen";
				INFOPLIST_KEY_UISupportedInterfaceOrientations = UIInterfaceOrientationPortrait;
				INFOPLIST_KEY_UISupportedInterfaceOrientations_iPad = "UIInterfaceOrientationPortrait UIInterfaceOrientationPortraitUpsideDown UIInterfaceOrientationLandscapeLeft UIInterfaceOrientationLandscapeRight";
				INFOPLIST_KEY_UISupportedInterfaceOrientations_iPhone = "UIInterfaceOrientationPortrait UIInterfaceOrientationLandscapeLeft UIInterfaceOrientationLandscapeRight";
				LD_RUNPATH_SEARCH_PATHS = (
					"$(inherited)",
					"@executable_path/Frameworks",
				);
				MARKETING_VERSION = 0.1.0;
				PRODUCT_BUNDLE_IDENTIFIER = S6Z9UYN7ZL.com.zjackwang.EatThat;
				PRODUCT_NAME = sYg;
				SWIFT_EMIT_LOC_STRINGS = YES;
				SWIFT_VERSION = 5.0;
				TARGETED_DEVICE_FAMILY = "1,2";
			};
			name = Debug;
		};
		DB78D9F32753301C00EDA0E1 /* Release */ = {
			isa = XCBuildConfiguration;
			buildSettings = {
				ASSETCATALOG_COMPILER_APPICON_NAME = AppIcon;
				ASSETCATALOG_COMPILER_GLOBAL_ACCENT_COLOR_NAME = AccentColor;
				ASSETCATALOG_COMPILER_INCLUDE_ALL_APPICON_ASSETS = NO;
				CODE_SIGN_STYLE = Automatic;
				CURRENT_PROJECT_VERSION = 4;
				DEVELOPMENT_ASSET_PATHS = "\"sYg/Preview Content\"";
				DEVELOPMENT_TEAM = S6Z9UYN7ZL;
				ENABLE_PREVIEWS = YES;
				GENERATE_INFOPLIST_FILE = YES;
				INFOPLIST_FILE = sYg/Info.plist;
				INFOPLIST_KEY_CFBundleDisplayName = "EatThat!";
				INFOPLIST_KEY_NSCameraUsageDescription = "EatThat! will strictly use your camera to scan receipts!";
				INFOPLIST_KEY_NSPhotoLibraryUsageDescription = "EatThat! will strictly access your photo library to scan an existing receipt.";
				INFOPLIST_KEY_NSRemindersUsageDescription = "EatThat! will send you daily reminders to eat your food if applicable.";
				INFOPLIST_KEY_UIApplicationSceneManifest_Generation = YES;
				INFOPLIST_KEY_UIApplicationSupportsIndirectInputEvents = YES;
				INFOPLIST_KEY_UILaunchStoryboardName = "Launch Screen";
				INFOPLIST_KEY_UISupportedInterfaceOrientations = UIInterfaceOrientationPortrait;
				INFOPLIST_KEY_UISupportedInterfaceOrientations_iPad = "UIInterfaceOrientationPortrait UIInterfaceOrientationPortraitUpsideDown UIInterfaceOrientationLandscapeLeft UIInterfaceOrientationLandscapeRight";
				INFOPLIST_KEY_UISupportedInterfaceOrientations_iPhone = "UIInterfaceOrientationPortrait UIInterfaceOrientationLandscapeLeft UIInterfaceOrientationLandscapeRight";
				LD_RUNPATH_SEARCH_PATHS = (
					"$(inherited)",
					"@executable_path/Frameworks",
				);
				MARKETING_VERSION = 0.1.0;
				PRODUCT_BUNDLE_IDENTIFIER = S6Z9UYN7ZL.com.zjackwang.EatThat;
				PRODUCT_NAME = sYg;
				SWIFT_EMIT_LOC_STRINGS = YES;
				SWIFT_VERSION = 5.0;
				TARGETED_DEVICE_FAMILY = "1,2";
			};
			name = Release;
		};
/* End XCBuildConfiguration section */

/* Begin XCConfigurationList section */
		DB78D9DE2753301900EDA0E1 /* Build configuration list for PBXProject "sYg" */ = {
			isa = XCConfigurationList;
			buildConfigurations = (
				DB78D9EF2753301C00EDA0E1 /* Debug */,
				DB78D9F02753301C00EDA0E1 /* Release */,
			);
			defaultConfigurationIsVisible = 0;
			defaultConfigurationName = Release;
		};
		DB78D9F12753301C00EDA0E1 /* Build configuration list for PBXNativeTarget "sYg" */ = {
			isa = XCConfigurationList;
			buildConfigurations = (
				DB78D9F22753301C00EDA0E1 /* Debug */,
				DB78D9F32753301C00EDA0E1 /* Release */,
			);
			defaultConfigurationIsVisible = 0;
			defaultConfigurationName = Release;
		};
/* End XCConfigurationList section */

/* Begin XCVersionGroup section */
		DB833FD427C082BB004BF14D /* ScannedItemsDataModel.xcdatamodeld */ = {
			isa = XCVersionGroup;
			children = (
				DB833FD527C082BB004BF14D /* ScannedItemsDataModel.xcdatamodel */,
			);
			currentVersion = DB833FD527C082BB004BF14D /* ScannedItemsDataModel.xcdatamodel */;
			path = ScannedItemsDataModel.xcdatamodeld;
			sourceTree = "<group>";
			versionGroupType = wrapper.xcdatamodel;
		};
/* End XCVersionGroup section */
	};
	rootObject = DB78D9DB2753301900EDA0E1 /* Project object */;
}
